
Microsoft Visual Studio Solution File, Format Version 12.00
# Visual Studio 15
VisualStudioVersion = 15.0.27130.2010
MinimumVisualStudioVersion = 10.0.40219.1
Project("{FAE04EC0-301F-11D3-BF4B-00C04F79EFBC}") = "cs-updater", "cs-updater\cs-updater.csproj", "{0410A051-CAEC-4AC7-982D-C032D39FC658}"
EndProject
Global
	GlobalSection(SolutionConfigurationPlatforms) = preSolution
		Debug|Any CPU = Debug|Any CPU
		Release|Any CPU = Release|Any CPU
	EndGlobalSection
	GlobalSection(ProjectConfigurationPlatforms) = postSolution
		{0410A051-CAEC-4AC7-982D-C032D39FC658}.Debug|Any CPU.ActiveCfg = Release|Any CPU
		{0410A051-CAEC-4AC7-982D-C032D39FC658}.Debug|Any CPU.Build.0 = Release|Any CPU
		{0410A051-CAEC-4AC7-982D-C032D39FC658}.Release|Any CPU.ActiveCfg = Release|Any CPU
		{0410A051-CAEC-4AC7-982D-C032D39FC658}.Release|Any CPU.Build.0 = Release|Any CPU
	EndGlobalSection
	GlobalSection(SolutionProperties) = preSolution
		HideSolutionNode = FALSE
	EndGlobalSection
	GlobalSection(ExtensibilityGlobals) = postSolution
		SolutionGuid = {3AF4870F-BDB4-40AF-BB56-BAE16251B850}
	EndGlobalSection
EndGlobal
