
Microsoft Visual Studio Solution File, Format Version 12.00
# Visual Studio 15
VisualStudioVersion = 15.0.27130.2010
MinimumVisualStudioVersion = 10.0.40219.1
Project("{FAE04EC0-301F-11D3-BF4B-00C04F79EFBC}") = "updater-app", "cs-updater\updater-app.csproj", "{0410A051-CAEC-4AC7-982D-C032D39FC658}"
EndProject
Project("{FAE04EC0-301F-11D3-BF4B-00C04F79EFBC}") = "updater-lib", "updater-lib\updater-lib.csproj", "{7FC769E8-A64C-4237-BF8D-E2B332EA147B}"
EndProject
Project("{FAE04EC0-301F-11D3-BF4B-00C04F79EFBC}") = "updater-permissions", "updater-permissions\updater-permissions.csproj", "{260FE2D8-8BAD-41B2-844B-6F2A7701894E}"
EndProject
Project("{9A19103F-16F7-4668-BE54-9A1E7A4F7556}") = "updater-generator", "updater-generator\updater-generator.csproj", "{B421308D-BCEB-4833-BA91-4989F0B89A23}"
EndProject
Global
	GlobalSection(SolutionConfigurationPlatforms) = preSolution
		Debug|Any CPU = Debug|Any CPU
		Debug|x86 = Debug|x86
		Release|Any CPU = Release|Any CPU
		Release|x86 = Release|x86
	EndGlobalSection
	GlobalSection(ProjectConfigurationPlatforms) = postSolution
		{0410A051-CAEC-4AC7-982D-C032D39FC658}.Debug|Any CPU.ActiveCfg = Debug|x86
		{0410A051-CAEC-4AC7-982D-C032D39FC658}.Debug|Any CPU.Build.0 = Debug|x86
		{0410A051-CAEC-4AC7-982D-C032D39FC658}.Debug|x86.ActiveCfg = Debug|x86
		{0410A051-CAEC-4AC7-982D-C032D39FC658}.Debug|x86.Build.0 = Debug|x86
		{0410A051-CAEC-4AC7-982D-C032D39FC658}.Release|Any CPU.ActiveCfg = Release|x86
		{0410A051-CAEC-4AC7-982D-C032D39FC658}.Release|Any CPU.Build.0 = Release|x86
		{0410A051-CAEC-4AC7-982D-C032D39FC658}.Release|x86.ActiveCfg = Release|Any CPU
		{0410A051-CAEC-4AC7-982D-C032D39FC658}.Release|x86.Build.0 = Release|Any CPU
		{7FC769E8-A64C-4237-BF8D-E2B332EA147B}.Debug|Any CPU.ActiveCfg = Debug|Any CPU
		{7FC769E8-A64C-4237-BF8D-E2B332EA147B}.Debug|Any CPU.Build.0 = Debug|Any CPU
		{7FC769E8-A64C-4237-BF8D-E2B332EA147B}.Debug|x86.ActiveCfg = Debug|Any CPU
		{7FC769E8-A64C-4237-BF8D-E2B332EA147B}.Debug|x86.Build.0 = Debug|Any CPU
		{7FC769E8-A64C-4237-BF8D-E2B332EA147B}.Release|Any CPU.ActiveCfg = Release|Any CPU
		{7FC769E8-A64C-4237-BF8D-E2B332EA147B}.Release|Any CPU.Build.0 = Release|Any CPU
		{7FC769E8-A64C-4237-BF8D-E2B332EA147B}.Release|x86.ActiveCfg = Release|Any CPU
		{7FC769E8-A64C-4237-BF8D-E2B332EA147B}.Release|x86.Build.0 = Release|Any CPU
		{260FE2D8-8BAD-41B2-844B-6F2A7701894E}.Debug|Any CPU.ActiveCfg = Debug|Any CPU
		{260FE2D8-8BAD-41B2-844B-6F2A7701894E}.Debug|Any CPU.Build.0 = Debug|Any CPU
		{260FE2D8-8BAD-41B2-844B-6F2A7701894E}.Debug|x86.ActiveCfg = Debug|Any CPU
		{260FE2D8-8BAD-41B2-844B-6F2A7701894E}.Debug|x86.Build.0 = Debug|Any CPU
		{260FE2D8-8BAD-41B2-844B-6F2A7701894E}.Release|Any CPU.ActiveCfg = Release|Any CPU
		{260FE2D8-8BAD-41B2-844B-6F2A7701894E}.Release|Any CPU.Build.0 = Release|Any CPU
		{260FE2D8-8BAD-41B2-844B-6F2A7701894E}.Release|x86.ActiveCfg = Release|Any CPU
		{260FE2D8-8BAD-41B2-844B-6F2A7701894E}.Release|x86.Build.0 = Release|Any CPU
		{B421308D-BCEB-4833-BA91-4989F0B89A23}.Debug|Any CPU.ActiveCfg = Debug|Any CPU
		{B421308D-BCEB-4833-BA91-4989F0B89A23}.Debug|Any CPU.Build.0 = Debug|Any CPU
		{B421308D-BCEB-4833-BA91-4989F0B89A23}.Debug|x86.ActiveCfg = Debug|Any CPU
		{B421308D-BCEB-4833-BA91-4989F0B89A23}.Debug|x86.Build.0 = Debug|Any CPU
		{B421308D-BCEB-4833-BA91-4989F0B89A23}.Release|Any CPU.ActiveCfg = Release|Any CPU
		{B421308D-BCEB-4833-BA91-4989F0B89A23}.Release|Any CPU.Build.0 = Release|Any CPU
		{B421308D-BCEB-4833-BA91-4989F0B89A23}.Release|x86.ActiveCfg = Release|Any CPU
		{B421308D-BCEB-4833-BA91-4989F0B89A23}.Release|x86.Build.0 = Release|Any CPU
	EndGlobalSection
	GlobalSection(SolutionProperties) = preSolution
		HideSolutionNode = FALSE
	EndGlobalSection
	GlobalSection(ExtensibilityGlobals) = postSolution
		SolutionGuid = {3AF4870F-BDB4-40AF-BB56-BAE16251B850}
	EndGlobalSection
EndGlobal
